
Microsoft Visual Studio Solution File, Format Version 12.00
# Visual Studio 15
VisualStudioVersion = 15.0.28010.2046
MinimumVisualStudioVersion = 10.0.40219.1
Project("{FAE04EC0-301F-11D3-BF4B-00C04F79EFBC}") = "ConsoleAppLab2_4", "ConsoleAppLab2_4\ConsoleAppLab2_4.csproj", "{1C85FFF4-8C45-4B92-95B1-01D4FC916062}"
EndProject
Global
	GlobalSection(SolutionConfigurationPlatforms) = preSolution
		Debug|Any CPU = Debug|Any CPU
		Release|Any CPU = Release|Any CPU
	EndGlobalSection
	GlobalSection(ProjectConfigurationPlatforms) = postSolution
		{1C85FFF4-8C45-4B92-95B1-01D4FC916062}.Debug|Any CPU.ActiveCfg = Debug|Any CPU
		{1C85FFF4-8C45-4B92-95B1-01D4FC916062}.Debug|Any CPU.Build.0 = Debug|Any CPU
		{1C85FFF4-8C45-4B92-95B1-01D4FC916062}.Release|Any CPU.ActiveCfg = Release|Any CPU
		{1C85FFF4-8C45-4B92-95B1-01D4FC916062}.Release|Any CPU.Build.0 = Release|Any CPU
	EndGlobalSection
	GlobalSection(SolutionProperties) = preSolution
		HideSolutionNode = FALSE
	EndGlobalSection
	GlobalSection(ExtensibilityGlobals) = postSolution
		SolutionGuid = {E0018CD2-D772-4070-99E6-2A0ABEF7BE6F}
	EndGlobalSection
EndGlobal
